// !$*UTF8*$!
{
	archiveVersion = 1;
	classes = {
	};
	objectVersion = 50;
	objects = {

/* Begin PBXBuildFile section */
		FA13308A248ACB6D0036113C /* MainBackGroundViewController.swift in Sources */ = {isa = PBXBuildFile; fileRef = FA133089248ACB6D0036113C /* MainBackGroundViewController.swift */; };
		FAF79F8A2477CFF0005EEFCD /* AppDelegate.swift in Sources */ = {isa = PBXBuildFile; fileRef = FAF79F892477CFF0005EEFCD /* AppDelegate.swift */; };
		FAF79F8C2477CFF0005EEFCD /* SceneDelegate.swift in Sources */ = {isa = PBXBuildFile; fileRef = FAF79F8B2477CFF0005EEFCD /* SceneDelegate.swift */; };
		FAF79F8E2477CFF0005EEFCD /* ColorSetViewController.swift in Sources */ = {isa = PBXBuildFile; fileRef = FAF79F8D2477CFF0005EEFCD /* ColorSetViewController.swift */; };
		FAF79F912477CFF0005EEFCD /* Main.storyboard in Resources */ = {isa = PBXBuildFile; fileRef = FAF79F8F2477CFF0005EEFCD /* Main.storyboard */; };
		FAF79F932477CFF1005EEFCD /* Assets.xcassets in Resources */ = {isa = PBXBuildFile; fileRef = FAF79F922477CFF1005EEFCD /* Assets.xcassets */; };
		FAF79F962477CFF1005EEFCD /* LaunchScreen.storyboard in Resources */ = {isa = PBXBuildFile; fileRef = FAF79F942477CFF1005EEFCD /* LaunchScreen.storyboard */; };
/* End PBXBuildFile section */

/* Begin PBXFileReference section */
		FA133089248ACB6D0036113C /* MainBackGroundViewController.swift */ = {isa = PBXFileReference; lastKnownFileType = sourcecode.swift; path = MainBackGroundViewController.swift; sourceTree = "<group>"; };
		FAF79F862477CFF0005EEFCD /* Color Slider.app */ = {isa = PBXFileReference; explicitFileType = wrapper.application; includeInIndex = 0; path = "Color Slider.app"; sourceTree = BUILT_PRODUCTS_DIR; };
		FAF79F892477CFF0005EEFCD /* AppDelegate.swift */ = {isa = PBXFileReference; lastKnownFileType = sourcecode.swift; path = AppDelegate.swift; sourceTree = "<group>"; };
		FAF79F8B2477CFF0005EEFCD /* SceneDelegate.swift */ = {isa = PBXFileReference; lastKnownFileType = sourcecode.swift; path = SceneDelegate.swift; sourceTree = "<group>"; };
		FAF79F8D2477CFF0005EEFCD /* ColorSetViewController.swift */ = {isa = PBXFileReference; lastKnownFileType = sourcecode.swift; path = ColorSetViewController.swift; sourceTree = "<group>"; };
		FAF79F902477CFF0005EEFCD /* Base */ = {isa = PBXFileReference; lastKnownFileType = file.storyboard; name = Base; path = Base.lproj/Main.storyboard; sourceTree = "<group>"; };
		FAF79F922477CFF1005EEFCD /* Assets.xcassets */ = {isa = PBXFileReference; lastKnownFileType = folder.assetcatalog; path = Assets.xcassets; sourceTree = "<group>"; };
		FAF79F952477CFF1005EEFCD /* Base */ = {isa = PBXFileReference; lastKnownFileType = file.storyboard; name = Base; path = Base.lproj/LaunchScreen.storyboard; sourceTree = "<group>"; };
		FAF79F972477CFF1005EEFCD /* Info.plist */ = {isa = PBXFileReference; lastKnownFileType = text.plist.xml; path = Info.plist; sourceTree = "<group>"; };
/* End PBXFileReference section */

/* Begin PBXFrameworksBuildPhase section */
		FAF79F832477CFF0005EEFCD /* Frameworks */ = {
			isa = PBXFrameworksBuildPhase;
			buildActionMask = 2147483647;
			files = (
			);
			runOnlyForDeploymentPostprocessing = 0;
		};
/* End PBXFrameworksBuildPhase section */

/* Begin PBXGroup section */
		FAF79F7D2477CFF0005EEFCD = {
			isa = PBXGroup;
			children = (
				FAF79F882477CFF0005EEFCD /* Color Slider */,
				FAF79F872477CFF0005EEFCD /* Products */,
			);
			sourceTree = "<group>";
		};
		FAF79F872477CFF0005EEFCD /* Products */ = {
			isa = PBXGroup;
			children = (
				FAF79F862477CFF0005EEFCD /* Color Slider.app */,
			);
			name = Products;
			sourceTree = "<group>";
		};
		FAF79F882477CFF0005EEFCD /* Color Slider */ = {
			isa = PBXGroup;
			children = (
				FA133089248ACB6D0036113C /* MainBackGroundViewController.swift */,
				FAF79F892477CFF0005EEFCD /* AppDelegate.swift */,
				FAF79F8B2477CFF0005EEFCD /* SceneDelegate.swift */,
				FAF79F8D2477CFF0005EEFCD /* ColorSetViewController.swift */,
				FAF79F8F2477CFF0005EEFCD /* Main.storyboard */,
				FAF79F922477CFF1005EEFCD /* Assets.xcassets */,
				FAF79F942477CFF1005EEFCD /* LaunchScreen.storyboard */,
				FAF79F972477CFF1005EEFCD /* Info.plist */,
			);
			path = "Color Slider";
			sourceTree = "<group>";
		};
/* End PBXGroup section */

/* Begin PBXNativeTarget section */
		FAF79F852477CFF0005EEFCD /* Color Slider */ = {
			isa = PBXNativeTarget;
			buildConfigurationList = FAF79F9A2477CFF1005EEFCD /* Build configuration list for PBXNativeTarget "Color Slider" */;
			buildPhases = (
				FAF79F822477CFF0005EEFCD /* Sources */,
				FAF79F832477CFF0005EEFCD /* Frameworks */,
				FAF79F842477CFF0005EEFCD /* Resources */,
			);
			buildRules = (
			);
			dependencies = (
			);
			name = "Color Slider";
			productName = "Color Slider";
			productReference = FAF79F862477CFF0005EEFCD /* Color Slider.app */;
			productType = "com.apple.product-type.application";
		};
/* End PBXNativeTarget section */

/* Begin PBXProject section */
		FAF79F7E2477CFF0005EEFCD /* Project object */ = {
			isa = PBXProject;
			attributes = {
				LastSwiftUpdateCheck = 1140;
				LastUpgradeCheck = 1140;
				ORGANIZATIONNAME = "Александр Умаров";
				TargetAttributes = {
					FAF79F852477CFF0005EEFCD = {
						CreatedOnToolsVersion = 11.4.1;
					};
				};
			};
			buildConfigurationList = FAF79F812477CFF0005EEFCD /* Build configuration list for PBXProject "Color Slider" */;
			compatibilityVersion = "Xcode 9.3";
			developmentRegion = en;
			hasScannedForEncodings = 0;
			knownRegions = (
				en,
				Base,
			);
			mainGroup = FAF79F7D2477CFF0005EEFCD;
			productRefGroup = FAF79F872477CFF0005EEFCD /* Products */;
			projectDirPath = "";
			projectRoot = "";
			targets = (
				FAF79F852477CFF0005EEFCD /* Color Slider */,
			);
		};
/* End PBXProject section */

/* Begin PBXResourcesBuildPhase section */
		FAF79F842477CFF0005EEFCD /* Resources */ = {
			isa = PBXResourcesBuildPhase;
			buildActionMask = 2147483647;
			files = (
				FAF79F962477CFF1005EEFCD /* LaunchScreen.storyboard in Resources */,
				FAF79F932477CFF1005EEFCD /* Assets.xcassets in Resources */,
				FAF79F912477CFF0005EEFCD /* Main.storyboard in Resources */,
			);
			runOnlyForDeploymentPostprocessing = 0;
		};
/* End PBXResourcesBuildPhase section */

/* Begin PBXSourcesBuildPhase section */
		FAF79F822477CFF0005EEFCD /* Sources */ = {
			isa = PBXSourcesBuildPhase;
			buildActionMask = 2147483647;
			files = (
				FAF79F8E2477CFF0005EEFCD /* ColorSetViewController.swift in Sources */,
				FA13308A248ACB6D0036113C /* MainBackGroundViewController.swift in Sources */,
				FAF79F8A2477CFF0005EEFCD /* AppDelegate.swift in Sources */,
				FAF79F8C2477CFF0005EEFCD /* SceneDelegate.swift in Sources */,
			);
			runOnlyForDeploymentPostprocessing = 0;
		};
/* End PBXSourcesBuildPhase section */

/* Begin PBXVariantGroup section */
		FAF79F8F2477CFF0005EEFCD /* Main.storyboard */ = {
			isa = PBXVariantGroup;
			children = (
				FAF79F902477CFF0005EEFCD /* Base */,
			);
			name = Main.storyboard;
			sourceTree = "<group>";
		};
		FAF79F942477CFF1005EEFCD /* LaunchScreen.storyboard */ = {
			isa = PBXVariantGroup;
			children = (
				FAF79F952477CFF1005EEFCD /* Base */,
			);
			name = LaunchScreen.storyboard;
			sourceTree = "<group>";
		};
/* End PBXVariantGroup section */

/* Begin XCBuildConfiguration section */
		FAF79F982477CFF1005EEFCD /* Debug */ = {
			isa = XCBuildConfiguration;
			buildSettings = {
				ALWAYS_SEARCH_USER_PATHS = NO;
				CLANG_ANALYZER_NONNULL = YES;
				CLANG_ANALYZER_NUMBER_OBJECT_CONVERSION = YES_AGGRESSIVE;
				CLANG_CXX_LANGUAGE_STANDARD = "gnu++14";
				CLANG_CXX_LIBRARY = "libc++";
				CLANG_ENABLE_MODULES = YES;
				CLANG_ENABLE_OBJC_ARC = YES;
				CLANG_ENABLE_OBJC_WEAK = YES;
				CLANG_WARN_BLOCK_CAPTURE_AUTORELEASING = YES;
				CLANG_WARN_BOOL_CONVERSION = YES;
				CLANG_WARN_COMMA = YES;
				CLANG_WARN_CONSTANT_CONVERSION = YES;
				CLANG_WARN_DEPRECATED_OBJC_IMPLEMENTATIONS = YES;
				CLANG_WARN_DIRECT_OBJC_ISA_USAGE = YES_ERROR;
				CLANG_WARN_DOCUMENTATION_COMMENTS = YES;
				CLANG_WARN_EMPTY_BODY = YES;
				CLANG_WARN_ENUM_CONVERSION = YES;
				CLANG_WARN_INFINITE_RECURSION = YES;
				CLANG_WARN_INT_CONVERSION = YES;
				CLANG_WARN_NON_LITERAL_NULL_CONVERSION = YES;
				CLANG_WARN_OBJC_IMPLICIT_RETAIN_SELF = YES;
				CLANG_WARN_OBJC_LITERAL_CONVERSION = YES;
				CLANG_WARN_OBJC_ROOT_CLASS = YES_ERROR;
				CLANG_WARN_RANGE_LOOP_ANALYSIS = YES;
				CLANG_WARN_STRICT_PROTOTYPES = YES;
				CLANG_WARN_SUSPICIOUS_MOVE = YES;
				CLANG_WARN_UNGUARDED_AVAILABILITY = YES_AGGRESSIVE;
				CLANG_WARN_UNREACHABLE_CODE = YES;
				CLANG_WARN__DUPLICATE_METHOD_MATCH = YES;
				COPY_PHASE_STRIP = NO;
				DEBUG_INFORMATION_FORMAT = dwarf;
				ENABLE_STRICT_OBJC_MSGSEND = YES;
				ENABLE_TESTABILITY = YES;
				GCC_C_LANGUAGE_STANDARD = gnu11;
				GCC_DYNAMIC_NO_PIC = NO;
				GCC_NO_COMMON_BLOCKS = YES;
				GCC_OPTIMIZATION_LEVEL = 0;
				GCC_PREPROCESSOR_DEFINITIONS = (
					"DEBUG=1",
					"$(inherited)",
				);
				GCC_WARN_64_TO_32_BIT_CONVERSION = YES;
				GCC_WARN_ABOUT_RETURN_TYPE = YES_ERROR;
				GCC_WARN_UNDECLARED_SELECTOR = YES;
				GCC_WARN_UNINITIALIZED_AUTOS = YES_AGGRESSIVE;
				GCC_WARN_UNUSED_FUNCTION = YES;
				GCC_WARN_UNUSED_VARIABLE = YES;
				IPHONEOS_DEPLOYMENT_TARGET = 13.4;
				MTL_ENABLE_DEBUG_INFO = INCLUDE_SOURCE;
				MTL_FAST_MATH = YES;
				ONLY_ACTIVE_ARCH = YES;
				SDKROOT = iphoneos;
				SWIFT_ACTIVE_COMPILATION_CONDITIONS = DEBUG;
				SWIFT_OPTIMIZATION_LEVEL = "-Onone";
			};
			name = Debug;
		};
		FAF79F992477CFF1005EEFCD /* Release */ = {
			isa = XCBuildConfiguration;
			buildSettings = {
				ALWAYS_SEARCH_USER_PATHS = NO;
				CLANG_ANALYZER_NONNULL = YES;
				CLANG_ANALYZER_NUMBER_OBJECT_CONVERSION = YES_AGGRESSIVE;
				CLANG_CXX_LANGUAGE_STANDARD = "gnu++14";
				CLANG_CXX_LIBRARY = "libc++";
				CLANG_ENABLE_MODULES = YES;
				CLANG_ENABLE_OBJC_ARC = YES;
				CLANG_ENABLE_OBJC_WEAK = YES;
				CLANG_WARN_BLOCK_CAPTURE_AUTORELEASING = YES;
				CLANG_WARN_BOOL_CONVERSION = YES;
				CLANG_WARN_COMMA = YES;
				CLANG_WARN_CONSTANT_CONVERSION = YES;
				CLANG_WARN_DEPRECATED_OBJC_IMPLEMENTATIONS = YES;
				CLANG_WARN_DIRECT_OBJC_ISA_USAGE = YES_ERROR;
				CLANG_WARN_DOCUMENTATION_COMMENTS = YES;
				CLANG_WARN_EMPTY_BODY = YES;
				CLANG_WARN_ENUM_CONVERSION = YES;
				CLANG_WARN_INFINITE_RECURSION = YES;
				CLANG_WARN_INT_CONVERSION = YES;
				CLANG_WARN_NON_LITERAL_NULL_CONVERSION = YES;
				CLANG_WARN_OBJC_IMPLICIT_RETAIN_SELF = YES;
				CLANG_WARN_OBJC_LITERAL_CONVERSION = YES;
				CLANG_WARN_OBJC_ROOT_CLASS = YES_ERROR;
				CLANG_WARN_RANGE_LOOP_ANALYSIS = YES;
				CLANG_WARN_STRICT_PROTOTYPES = YES;
				CLANG_WARN_SUSPICIOUS_MOVE = YES;
				CLANG_WARN_UNGUARDED_AVAILABILITY = YES_AGGRESSIVE;
				CLANG_WARN_UNREACHABLE_CODE = YES;
				CLANG_WARN__DUPLICATE_METHOD_MATCH = YES;
				COPY_PHASE_STRIP = NO;
				DEBUG_INFORMATION_FORMAT = "dwarf-with-dsym";
				ENABLE_NS_ASSERTIONS = NO;
				ENABLE_STRICT_OBJC_MSGSEND = YES;
				GCC_C_LANGUAGE_STANDARD = gnu11;
				GCC_NO_COMMON_BLOCKS = YES;
				GCC_WARN_64_TO_32_BIT_CONVERSION = YES;
				GCC_WARN_ABOUT_RETURN_TYPE = YES_ERROR;
				GCC_WARN_UNDECLARED_SELECTOR = YES;
				GCC_WARN_UNINITIALIZED_AUTOS = YES_AGGRESSIVE;
				GCC_WARN_UNUSED_FUNCTION = YES;
				GCC_WARN_UNUSED_VARIABLE = YES;
				IPHONEOS_DEPLOYMENT_TARGET = 13.4;
				MTL_ENABLE_DEBUG_INFO = NO;
				MTL_FAST_MATH = YES;
				SDKROOT = iphoneos;
				SWIFT_COMPILATION_MODE = wholemodule;
				SWIFT_OPTIMIZATION_LEVEL = "-O";
				VALIDATE_PRODUCT = YES;
			};
			name = Release;
		};
		FAF79F9B2477CFF1005EEFCD /* Debug */ = {
			isa = XCBuildConfiguration;
			buildSettings = {
				ASSETCATALOG_COMPILER_APPICON_NAME = AppIcon;
				CODE_SIGN_STYLE = Automatic;
				DEVELOPMENT_TEAM = B5VM7C6TM4;
				INFOPLIST_FILE = "Color Slider/Info.plist";
				IPHONEOS_DEPLOYMENT_TARGET = 13.0;
				LD_RUNPATH_SEARCH_PATHS = (
					"$(inherited)",
					"@executable_path/Frameworks",
				);
				PRODUCT_BUNDLE_IDENTIFIER = "com.jetlaunch.Color-Slider";
				PRODUCT_NAME = "$(TARGET_NAME)";
				SWIFT_VERSION = 5.0;
				TARGETED_DEVICE_FAMILY = 1;
			};
			name = Debug;
		};
		FAF79F9C2477CFF1005EEFCD /* Release */ = {
			isa = XCBuildConfiguration;
			buildSettings = {
				ASSETCATALOG_COMPILER_APPICON_NAME = AppIcon;
				CODE_SIGN_STYLE = Automatic;
				DEVELOPMENT_TEAM = B5VM7C6TM4;
				INFOPLIST_FILE = "Color Slider/Info.plist";
				IPHONEOS_DEPLOYMENT_TARGET = 13.0;
				LD_RUNPATH_SEARCH_PATHS = (
					"$(inherited)",
					"@executable_path/Frameworks",
				);
				PRODUCT_BUNDLE_IDENTIFIER = "com.jetlaunch.Color-Slider";
				PRODUCT_NAME = "$(TARGET_NAME)";
				SWIFT_VERSION = 5.0;
				TARGETED_DEVICE_FAMILY = 1;
			};
			name = Release;
		};
/* End XCBuildConfiguration section */

/* Begin XCConfigurationList section */
		FAF79F812477CFF0005EEFCD /* Build configuration list for PBXProject "Color Slider" */ = {
			isa = XCConfigurationList;
			buildConfigurations = (
				FAF79F982477CFF1005EEFCD /* Debug */,
				FAF79F992477CFF1005EEFCD /* Release */,
			);
			defaultConfigurationIsVisible = 0;
			defaultConfigurationName = Release;
		};
		FAF79F9A2477CFF1005EEFCD /* Build configuration list for PBXNativeTarget "Color Slider" */ = {
			isa = XCConfigurationList;
			buildConfigurations = (
				FAF79F9B2477CFF1005EEFCD /* Debug */,
				FAF79F9C2477CFF1005EEFCD /* Release */,
			);
			defaultConfigurationIsVisible = 0;
			defaultConfigurationName = Release;
		};
/* End XCConfigurationList section */
	};
	rootObject = FAF79F7E2477CFF0005EEFCD /* Project object */;
}
